
Microsoft Visual Studio Solution File, Format Version 12.00
# Visual Studio 2013
VisualStudioVersion = 12.0.21005.1
MinimumVisualStudioVersion = 10.0.40219.1
Project("{FAE04EC0-301F-11D3-BF4B-00C04F79EFBC}") = "OAuth2PersonalNotes.Api", "OAuth2PersonalNotes.Api\OAuth2PersonalNotes.Api.csproj", "{E72B4DAC-6298-4A29-94DE-B61C0DFB2F98}"
EndProject
Project("{FAE04EC0-301F-11D3-BF4B-00C04F79EFBC}") = "OAuth2PersonalNotes.IdentityServer", "OAuth2PersonalNotes.IdentityServer\OAuth2PersonalNotes.IdentityServer.csproj", "{567A945E-4FA0-42B7-815F-8BA95BDE5CB2}"
EndProject
Project("{FAE04EC0-301F-11D3-BF4B-00C04F79EFBC}") = "OAuth2PersonalNotes.Share", "OAuth2PersonalNotes.Share\OAuth2PersonalNotes.Share.csproj", "{E8070DC9-FB08-4CFF-B317-FA1CBE323E39}"
EndProject
Project("{FAE04EC0-301F-11D3-BF4B-00C04F79EFBC}") = "OAuth2PersonalNotes.Web", "OAuth2PersonalNotes.Web\OAuth2PersonalNotes.Web.csproj", "{D95B6A20-87C4-440A-B20B-8D9FE6729C5F}"
EndProject
Project("{2150E333-8FDC-42A3-9474-1A3956D46DE8}") = "Client", "Client", "{179CCC2E-71A4-461A-AF4D-F153E1D98C8D}"
EndProject
Project("{2150E333-8FDC-42A3-9474-1A3956D46DE8}") = "Server", "Server", "{3C04148A-430C-4BCE-9784-0794869C299E}"
EndProject
Project("{2150E333-8FDC-42A3-9474-1A3956D46DE8}") = "Shared", "Shared", "{2CF3D54D-585A-4827-BC98-5B95F9DFA461}"
EndProject
Project("{2150E333-8FDC-42A3-9474-1A3956D46DE8}") = "STS", "STS", "{3491F050-F612-4FD3-85CA-7632D249F89C}"
EndProject
Project("{FAE04EC0-301F-11D3-BF4B-00C04F79EFBC}") = "OAuth2PersonalNotes.DTO", "OAuth2PersonalNotes.DTO\OAuth2PersonalNotes.DTO.csproj", "{1F22C0CB-2BC8-4B4C-AFCE-938A6405478A}"
EndProject
Global
	GlobalSection(SolutionConfigurationPlatforms) = preSolution
		Debug|Any CPU = Debug|Any CPU
		Release|Any CPU = Release|Any CPU
	EndGlobalSection
	GlobalSection(ProjectConfigurationPlatforms) = postSolution
		{E72B4DAC-6298-4A29-94DE-B61C0DFB2F98}.Debug|Any CPU.ActiveCfg = Debug|Any CPU
		{E72B4DAC-6298-4A29-94DE-B61C0DFB2F98}.Debug|Any CPU.Build.0 = Debug|Any CPU
		{E72B4DAC-6298-4A29-94DE-B61C0DFB2F98}.Release|Any CPU.ActiveCfg = Release|Any CPU
		{E72B4DAC-6298-4A29-94DE-B61C0DFB2F98}.Release|Any CPU.Build.0 = Release|Any CPU
		{567A945E-4FA0-42B7-815F-8BA95BDE5CB2}.Debug|Any CPU.ActiveCfg = Debug|Any CPU
		{567A945E-4FA0-42B7-815F-8BA95BDE5CB2}.Debug|Any CPU.Build.0 = Debug|Any CPU
		{567A945E-4FA0-42B7-815F-8BA95BDE5CB2}.Release|Any CPU.ActiveCfg = Release|Any CPU
		{567A945E-4FA0-42B7-815F-8BA95BDE5CB2}.Release|Any CPU.Build.0 = Release|Any CPU
		{E8070DC9-FB08-4CFF-B317-FA1CBE323E39}.Debug|Any CPU.ActiveCfg = Debug|Any CPU
		{E8070DC9-FB08-4CFF-B317-FA1CBE323E39}.Debug|Any CPU.Build.0 = Debug|Any CPU
		{E8070DC9-FB08-4CFF-B317-FA1CBE323E39}.Release|Any CPU.ActiveCfg = Release|Any CPU
		{E8070DC9-FB08-4CFF-B317-FA1CBE323E39}.Release|Any CPU.Build.0 = Release|Any CPU
		{D95B6A20-87C4-440A-B20B-8D9FE6729C5F}.Debug|Any CPU.ActiveCfg = Debug|Any CPU
		{D95B6A20-87C4-440A-B20B-8D9FE6729C5F}.Debug|Any CPU.Build.0 = Debug|Any CPU
		{D95B6A20-87C4-440A-B20B-8D9FE6729C5F}.Release|Any CPU.ActiveCfg = Release|Any CPU
		{D95B6A20-87C4-440A-B20B-8D9FE6729C5F}.Release|Any CPU.Build.0 = Release|Any CPU
		{1F22C0CB-2BC8-4B4C-AFCE-938A6405478A}.Debug|Any CPU.ActiveCfg = Debug|Any CPU
		{1F22C0CB-2BC8-4B4C-AFCE-938A6405478A}.Debug|Any CPU.Build.0 = Debug|Any CPU
		{1F22C0CB-2BC8-4B4C-AFCE-938A6405478A}.Release|Any CPU.ActiveCfg = Release|Any CPU
		{1F22C0CB-2BC8-4B4C-AFCE-938A6405478A}.Release|Any CPU.Build.0 = Release|Any CPU
	EndGlobalSection
	GlobalSection(SolutionProperties) = preSolution
		HideSolutionNode = FALSE
	EndGlobalSection
	GlobalSection(NestedProjects) = preSolution
		{D95B6A20-87C4-440A-B20B-8D9FE6729C5F} = {179CCC2E-71A4-461A-AF4D-F153E1D98C8D}
		{E72B4DAC-6298-4A29-94DE-B61C0DFB2F98} = {3C04148A-430C-4BCE-9784-0794869C299E}
		{E8070DC9-FB08-4CFF-B317-FA1CBE323E39} = {2CF3D54D-585A-4827-BC98-5B95F9DFA461}
		{1F22C0CB-2BC8-4B4C-AFCE-938A6405478A} = {2CF3D54D-585A-4827-BC98-5B95F9DFA461}
		{567A945E-4FA0-42B7-815F-8BA95BDE5CB2} = {3491F050-F612-4FD3-85CA-7632D249F89C}
	EndGlobalSection
EndGlobal
